
Microsoft Visual Studio Solution File, Format Version 12.00
# Visual Studio Version 17
VisualStudioVersion = 17.4.33122.133
MinimumVisualStudioVersion = 10.0.40219.1
Project("{FAE04EC0-301F-11D3-BF4B-00C04F79EFBC}") = "RedisCacheDemo", "RedisCacheDemo\RedisCacheDemo.csproj", "{E28FBD9F-3252-4D23-B42F-1095107677F1}"
EndProject
Global
	GlobalSection(SolutionConfigurationPlatforms) = preSolution
		Debug|Any CPU = Debug|Any CPU
		Release|Any CPU = Release|Any CPU
	EndGlobalSection
	GlobalSection(ProjectConfigurationPlatforms) = postSolution
		{E28FBD9F-3252-4D23-B42F-1095107677F1}.Debug|Any CPU.ActiveCfg = Debug|Any CPU
		{E28FBD9F-3252-4D23-B42F-1095107677F1}.Debug|Any CPU.Build.0 = Debug|Any CPU
		{E28FBD9F-3252-4D23-B42F-1095107677F1}.Release|Any CPU.ActiveCfg = Release|Any CPU
		{E28FBD9F-3252-4D23-B42F-1095107677F1}.Release|Any CPU.Build.0 = Release|Any CPU
	EndGlobalSection
	GlobalSection(SolutionProperties) = preSolution
		HideSolutionNode = FALSE
	EndGlobalSection
	GlobalSection(ExtensibilityGlobals) = postSolution
		SolutionGuid = {CD7FAA9F-5F3A-4EFA-BB16-47A9C63D7F8F}
	EndGlobalSection
EndGlobal
